
Microsoft Visual Studio Solution File, Format Version 12.00
# Visual Studio Version 17
VisualStudioVersion = 17.10.35013.160
MinimumVisualStudioVersion = 10.0.40219.1
Project("{9A19103F-16F7-4668-BE54-9A1E7A4F7556}") = "CVFormatter", "CVFormatter\CVFormatter.csproj", "{4A8735E7-0CF1-4C40-B041-A63A413673F0}"
EndProject
Project("{9A19103F-16F7-4668-BE54-9A1E7A4F7556}") = "CVFormatter.Web", "CVFormatter.Web\CVFormatter.Web.csproj", "{AE9C9D56-97BF-4A03-857A-FC2A1FC0B986}"
EndProject
Global
	GlobalSection(SolutionConfigurationPlatforms) = preSolution
		Debug|Any CPU = Debug|Any CPU
		Release|Any CPU = Release|Any CPU
	EndGlobalSection
	GlobalSection(ProjectConfigurationPlatforms) = postSolution
		{4A8735E7-0CF1-4C40-B041-A63A413673F0}.Debug|Any CPU.ActiveCfg = Debug|Any CPU
		{4A8735E7-0CF1-4C40-B041-A63A413673F0}.Debug|Any CPU.Build.0 = Debug|Any CPU
		{4A8735E7-0CF1-4C40-B041-A63A413673F0}.Release|Any CPU.ActiveCfg = Release|Any CPU
		{4A8735E7-0CF1-4C40-B041-A63A413673F0}.Release|Any CPU.Build.0 = Release|Any CPU
		{AE9C9D56-97BF-4A03-857A-FC2A1FC0B986}.Debug|Any CPU.ActiveCfg = Debug|Any CPU
		{AE9C9D56-97BF-4A03-857A-FC2A1FC0B986}.Debug|Any CPU.Build.0 = Debug|Any CPU
		{AE9C9D56-97BF-4A03-857A-FC2A1FC0B986}.Release|Any CPU.ActiveCfg = Release|Any CPU
		{AE9C9D56-97BF-4A03-857A-FC2A1FC0B986}.Release|Any CPU.Build.0 = Release|Any CPU
	EndGlobalSection
	GlobalSection(SolutionProperties) = preSolution
		HideSolutionNode = FALSE
	EndGlobalSection
	GlobalSection(ExtensibilityGlobals) = postSolution
		SolutionGuid = {DDC9BA04-1B64-4D73-9F95-F58FBF90B742}
	EndGlobalSection
EndGlobal
